
Microsoft Visual Studio Solution File, Format Version 12.00
# Visual Studio 15
VisualStudioVersion = 15.0.28307.329
MinimumVisualStudioVersion = 10.0.40219.1
Project("{FAE04EC0-301F-11D3-BF4B-00C04F79EFBC}") = "QueryResults", "QueryResults\QueryResults.csproj", "{DEEF6B17-4F6B-42BF-8129-DA9CC1A3E17B}"
EndProject
Global
	GlobalSection(SolutionConfigurationPlatforms) = preSolution
		Debug|Any CPU = Debug|Any CPU
		Release|Any CPU = Release|Any CPU
	EndGlobalSection
	GlobalSection(ProjectConfigurationPlatforms) = postSolution
		{DEEF6B17-4F6B-42BF-8129-DA9CC1A3E17B}.Debug|Any CPU.ActiveCfg = Debug|Any CPU
		{DEEF6B17-4F6B-42BF-8129-DA9CC1A3E17B}.Debug|Any CPU.Build.0 = Debug|Any CPU
		{DEEF6B17-4F6B-42BF-8129-DA9CC1A3E17B}.Release|Any CPU.ActiveCfg = Release|Any CPU
		{DEEF6B17-4F6B-42BF-8129-DA9CC1A3E17B}.Release|Any CPU.Build.0 = Release|Any CPU
	EndGlobalSection
	GlobalSection(SolutionProperties) = preSolution
		HideSolutionNode = FALSE
	EndGlobalSection
	GlobalSection(ExtensibilityGlobals) = postSolution
		SolutionGuid = {42D4E826-D4B3-4234-8320-FD7EACE5DD7A}
	EndGlobalSection
EndGlobal
